
Microsoft Visual Studio Solution File, Format Version 12.00
# Visual Studio Version 17
VisualStudioVersion = 17.5.33502.453
MinimumVisualStudioVersion = 10.0.40219.1
Project("{9A19103F-16F7-4668-BE54-9A1E7A4F7556}") = "SomeTrade.TA", "SomeTrade.TA\SomeTrade.TA.csproj", "{B3401FC9-E35F-45E9-A3E5-F7B849245D79}"
EndProject
Project("{9A19103F-16F7-4668-BE54-9A1E7A4F7556}") = "SomeTrade.TA.Candles", "SomeTrade.TA.Candles\SomeTrade.TA.Candles.csproj", "{803180C2-19A1-451F-A0FD-A903B5EE1B90}"
EndProject
Project("{9A19103F-16F7-4668-BE54-9A1E7A4F7556}") = "SomeTrade.TA.Harmonics", "SomeTrade.TA.Harmonics\SomeTrade.TA.Harmonics.csproj", "{9EE2E886-D75D-47E3-8E5D-EE04B73EE1BB}"
EndProject
Project("{9A19103F-16F7-4668-BE54-9A1E7A4F7556}") = "SomeTrade.TA.Indicators", "SomeTrade.TA.Indicators\SomeTrade.TA.Indicators.csproj", "{493DC0C9-6549-41BB-9D8A-A6CE27D54434}"
EndProject
Project("{9A19103F-16F7-4668-BE54-9A1E7A4F7556}") = "SomeTrade.TA.PriceAction", "SomeTrade.TA.PriceAction\SomeTrade.TA.PriceAction.csproj", "{9F0C2E3B-8EFF-4F5C-B83F-09EEB6BCA79F}"
EndProject
Global
	GlobalSection(SolutionConfigurationPlatforms) = preSolution
		Debug|Any CPU = Debug|Any CPU
		Release|Any CPU = Release|Any CPU
	EndGlobalSection
	GlobalSection(ProjectConfigurationPlatforms) = postSolution
		{B3401FC9-E35F-45E9-A3E5-F7B849245D79}.Debug|Any CPU.ActiveCfg = Debug|Any CPU
		{B3401FC9-E35F-45E9-A3E5-F7B849245D79}.Debug|Any CPU.Build.0 = Debug|Any CPU
		{B3401FC9-E35F-45E9-A3E5-F7B849245D79}.Release|Any CPU.ActiveCfg = Release|Any CPU
		{B3401FC9-E35F-45E9-A3E5-F7B849245D79}.Release|Any CPU.Build.0 = Release|Any CPU
		{803180C2-19A1-451F-A0FD-A903B5EE1B90}.Debug|Any CPU.ActiveCfg = Debug|Any CPU
		{803180C2-19A1-451F-A0FD-A903B5EE1B90}.Debug|Any CPU.Build.0 = Debug|Any CPU
		{803180C2-19A1-451F-A0FD-A903B5EE1B90}.Release|Any CPU.ActiveCfg = Release|Any CPU
		{803180C2-19A1-451F-A0FD-A903B5EE1B90}.Release|Any CPU.Build.0 = Release|Any CPU
		{9EE2E886-D75D-47E3-8E5D-EE04B73EE1BB}.Debug|Any CPU.ActiveCfg = Debug|Any CPU
		{9EE2E886-D75D-47E3-8E5D-EE04B73EE1BB}.Debug|Any CPU.Build.0 = Debug|Any CPU
		{9EE2E886-D75D-47E3-8E5D-EE04B73EE1BB}.Release|Any CPU.ActiveCfg = Release|Any CPU
		{9EE2E886-D75D-47E3-8E5D-EE04B73EE1BB}.Release|Any CPU.Build.0 = Release|Any CPU
		{493DC0C9-6549-41BB-9D8A-A6CE27D54434}.Debug|Any CPU.ActiveCfg = Debug|Any CPU
		{493DC0C9-6549-41BB-9D8A-A6CE27D54434}.Debug|Any CPU.Build.0 = Debug|Any CPU
		{493DC0C9-6549-41BB-9D8A-A6CE27D54434}.Release|Any CPU.ActiveCfg = Release|Any CPU
		{493DC0C9-6549-41BB-9D8A-A6CE27D54434}.Release|Any CPU.Build.0 = Release|Any CPU
		{9F0C2E3B-8EFF-4F5C-B83F-09EEB6BCA79F}.Debug|Any CPU.ActiveCfg = Debug|Any CPU
		{9F0C2E3B-8EFF-4F5C-B83F-09EEB6BCA79F}.Debug|Any CPU.Build.0 = Debug|Any CPU
		{9F0C2E3B-8EFF-4F5C-B83F-09EEB6BCA79F}.Release|Any CPU.ActiveCfg = Release|Any CPU
		{9F0C2E3B-8EFF-4F5C-B83F-09EEB6BCA79F}.Release|Any CPU.Build.0 = Release|Any CPU
	EndGlobalSection
	GlobalSection(SolutionProperties) = preSolution
		HideSolutionNode = FALSE
	EndGlobalSection
	GlobalSection(ExtensibilityGlobals) = postSolution
		SolutionGuid = {CBBFE2C2-F4A4-4157-ACB8-627567635145}
	EndGlobalSection
EndGlobal
