
Microsoft Visual Studio Solution File, Format Version 12.00
# Visual Studio Version 17
VisualStudioVersion = 17.5.33502.453
MinimumVisualStudioVersion = 10.0.40219.1
Project("{2150E333-8FDC-42A3-9474-1A3956D46DE8}") = "TechnicalAnalysis", "TechnicalAnalysis", "{99E36DD3-539C-4A2A-8F47-A64CB8A7664E}"
EndProject
Project("{9A19103F-16F7-4668-BE54-9A1E7A4F7556}") = "SomeTrade.TA", "TechnicalAnalysis\SomeTrade.TA\SomeTrade.TA.csproj", "{16B6AD69-067D-47AF-883D-4A2F137470F6}"
EndProject
Project("{9A19103F-16F7-4668-BE54-9A1E7A4F7556}") = "SomeTrade.TA.Candles", "TechnicalAnalysis\SomeTrade.TA.Candles\SomeTrade.TA.Candles.csproj", "{46514248-1E2A-4A4A-B7F4-793ED3AF9EC0}"
EndProject
Project("{9A19103F-16F7-4668-BE54-9A1E7A4F7556}") = "SomeTrade.TA.Harmonics", "TechnicalAnalysis\SomeTrade.TA.Harmonics\SomeTrade.TA.Harmonics.csproj", "{C2852878-38FB-427F-B7D5-42A3D5ACA442}"
EndProject
Project("{9A19103F-16F7-4668-BE54-9A1E7A4F7556}") = "SomeTrade.TA.Indicators", "TechnicalAnalysis\SomeTrade.TA.Indicators\SomeTrade.TA.Indicators.csproj", "{CF280B8A-C0B5-43C6-97B9-73C3861B6C3E}"
EndProject
Project("{9A19103F-16F7-4668-BE54-9A1E7A4F7556}") = "SomeTrade.TA.PriceAction", "TechnicalAnalysis\SomeTrade.TA.PriceAction\SomeTrade.TA.PriceAction.csproj", "{306D491D-842C-4FF1-9F51-A28F135392A6}"
EndProject
Project("{9A19103F-16F7-4668-BE54-9A1E7A4F7556}") = "SomeTrade.Data", "SomeTrade.Data\SomeTrade.Data.csproj", "{72C747E6-1A27-4890-AA0A-12DBB1D47021}"
EndProject
Project("{9A19103F-16F7-4668-BE54-9A1E7A4F7556}") = "SomeTrade.Model", "SomeTrade.Model\SomeTrade.Model.csproj", "{EA9B976A-4DCA-4E60-A80C-12E65A4D2D80}"
EndProject
Project("{2150E333-8FDC-42A3-9474-1A3956D46DE8}") = "TechnicalAnalysis.Tests", "TechnicalAnalysis.Tests", "{176E5981-561B-4F92-AF87-C9FDC1490D3C}"
EndProject
Project("{9A19103F-16F7-4668-BE54-9A1E7A4F7556}") = "SomeTrade.TA.Indicators.Tests", "TechnicalAnalysis.Tests\SomeTrade.TA.Indicators.Tests\SomeTrade.TA.Indicators.Tests.csproj", "{7DAE02C8-D498-4DB0-ACEA-5D858B987D09}"
EndProject
Project("{9A19103F-16F7-4668-BE54-9A1E7A4F7556}") = "SomeTrade.TA.Tests", "TechnicalAnalysis.Tests\SomeTrade.TA.Tests\SomeTrade.TA.Tests.csproj", "{0A647DCE-1627-4212-90F3-F317BDCA5C3F}"
EndProject
Project("{9A19103F-16F7-4668-BE54-9A1E7A4F7556}") = "SomeTrade.TA.Tests.Utilities", "TechnicalAnalysis.Tests\SomeTrade.TA.Tests.Utilities\SomeTrade.TA.Tests.Utilities.csproj", "{6A8B3DE0-13E8-4F56-8D7F-3617653F51B2}"
EndProject
Project("{9A19103F-16F7-4668-BE54-9A1E7A4F7556}") = "SomeTrade.Strategies", "SomeTrade.Strategies\SomeTrade.Strategies.csproj", "{918B9052-77F5-44ED-A0AF-AEDF765CC612}"
EndProject
Project("{9A19103F-16F7-4668-BE54-9A1E7A4F7556}") = "SomeTrade.Strategies.Tests", "SomeTrade.Strategies.Tests\SomeTrade.Strategies.Tests.csproj", "{FED06E8E-8D4A-41D1-AAF8-746F829A7BF7}"
EndProject
Project("{2150E333-8FDC-42A3-9474-1A3956D46DE8}") = "Infrastructure", "Infrastructure", "{D76A9EE5-13DC-4B86-835D-856C4ED1CD2B}"
EndProject
Project("{2150E333-8FDC-42A3-9474-1A3956D46DE8}") = "Caching", "Caching", "{8BA1EAF8-296E-4A70-9EE3-E1B6876905FE}"
EndProject
Project("{2150E333-8FDC-42A3-9474-1A3956D46DE8}") = "Logging", "Logging", "{140EEB2E-FE0E-4A92-9FDA-E2D96947A524}"
EndProject
Project("{9A19103F-16F7-4668-BE54-9A1E7A4F7556}") = "SomeTrade.Infrastructure.Caching.DummyCache", "Infrastructure\Caching\SomeTrade.Infrastructure.Caching.DummyCache\SomeTrade.Infrastructure.Caching.DummyCache.csproj", "{F4B3E302-32A8-42EF-BA00-59DECAFEDFBD}"
EndProject
Project("{9A19103F-16F7-4668-BE54-9A1E7A4F7556}") = "SomeTrade.Infrastructure.Caching.MemoryCache", "Infrastructure\Caching\SomeTrade.Infrastructure.Caching.MemoryCache\SomeTrade.Infrastructure.Caching.MemoryCache.csproj", "{E444C6E2-C429-47B6-91C7-E3AD98075ADE}"
EndProject
Project("{9A19103F-16F7-4668-BE54-9A1E7A4F7556}") = "SomeTrade.Infrastructure.Logging.DummyLog", "Infrastructure\Logging\SomeTrade.Infrastructure.Logging.DummyLog\SomeTrade.Infrastructure.Logging.DummyLog.csproj", "{77135E2E-6439-4626-9907-E06B9DAE7808}"
EndProject
Project("{9A19103F-16F7-4668-BE54-9A1E7A4F7556}") = "SomeTrade.Infrastructure.Extensions", "Infrastructure\SomeTrade.Infrastructure.Extensions\SomeTrade.Infrastructure.Extensions.csproj", "{F43FFCBD-E1B9-422F-9425-195BB16EFD3E}"
EndProject
Project("{9A19103F-16F7-4668-BE54-9A1E7A4F7556}") = "SomeTrade.Infrastructure.Interfaces", "Infrastructure\SomeTrade.Infrastructure.Interfaces\SomeTrade.Infrastructure.Interfaces.csproj", "{890877C4-E419-44CE-B460-1E906DD79250}"
EndProject
Project("{9A19103F-16F7-4668-BE54-9A1E7A4F7556}") = "SomeTrade.Socket", "SomeTrade.Socket\SomeTrade.Socket.csproj", "{1544A740-F151-4094-9361-5291A2546170}"
EndProject
Global
	GlobalSection(SolutionConfigurationPlatforms) = preSolution
		Debug|Any CPU = Debug|Any CPU
		Debug|x64 = Debug|x64
		Release|Any CPU = Release|Any CPU
		Release|x64 = Release|x64
	EndGlobalSection
	GlobalSection(ProjectConfigurationPlatforms) = postSolution
		{16B6AD69-067D-47AF-883D-4A2F137470F6}.Debug|Any CPU.ActiveCfg = Debug|Any CPU
		{16B6AD69-067D-47AF-883D-4A2F137470F6}.Debug|Any CPU.Build.0 = Debug|Any CPU
		{16B6AD69-067D-47AF-883D-4A2F137470F6}.Debug|x64.ActiveCfg = Debug|Any CPU
		{16B6AD69-067D-47AF-883D-4A2F137470F6}.Debug|x64.Build.0 = Debug|Any CPU
		{16B6AD69-067D-47AF-883D-4A2F137470F6}.Release|Any CPU.ActiveCfg = Release|Any CPU
		{16B6AD69-067D-47AF-883D-4A2F137470F6}.Release|Any CPU.Build.0 = Release|Any CPU
		{16B6AD69-067D-47AF-883D-4A2F137470F6}.Release|x64.ActiveCfg = Release|Any CPU
		{16B6AD69-067D-47AF-883D-4A2F137470F6}.Release|x64.Build.0 = Release|Any CPU
		{46514248-1E2A-4A4A-B7F4-793ED3AF9EC0}.Debug|Any CPU.ActiveCfg = Debug|Any CPU
		{46514248-1E2A-4A4A-B7F4-793ED3AF9EC0}.Debug|Any CPU.Build.0 = Debug|Any CPU
		{46514248-1E2A-4A4A-B7F4-793ED3AF9EC0}.Debug|x64.ActiveCfg = Debug|Any CPU
		{46514248-1E2A-4A4A-B7F4-793ED3AF9EC0}.Debug|x64.Build.0 = Debug|Any CPU
		{46514248-1E2A-4A4A-B7F4-793ED3AF9EC0}.Release|Any CPU.ActiveCfg = Release|Any CPU
		{46514248-1E2A-4A4A-B7F4-793ED3AF9EC0}.Release|Any CPU.Build.0 = Release|Any CPU
		{46514248-1E2A-4A4A-B7F4-793ED3AF9EC0}.Release|x64.ActiveCfg = Release|Any CPU
		{46514248-1E2A-4A4A-B7F4-793ED3AF9EC0}.Release|x64.Build.0 = Release|Any CPU
		{C2852878-38FB-427F-B7D5-42A3D5ACA442}.Debug|Any CPU.ActiveCfg = Debug|Any CPU
		{C2852878-38FB-427F-B7D5-42A3D5ACA442}.Debug|Any CPU.Build.0 = Debug|Any CPU
		{C2852878-38FB-427F-B7D5-42A3D5ACA442}.Debug|x64.ActiveCfg = Debug|Any CPU
		{C2852878-38FB-427F-B7D5-42A3D5ACA442}.Debug|x64.Build.0 = Debug|Any CPU
		{C2852878-38FB-427F-B7D5-42A3D5ACA442}.Release|Any CPU.ActiveCfg = Release|Any CPU
		{C2852878-38FB-427F-B7D5-42A3D5ACA442}.Release|Any CPU.Build.0 = Release|Any CPU
		{C2852878-38FB-427F-B7D5-42A3D5ACA442}.Release|x64.ActiveCfg = Release|Any CPU
		{C2852878-38FB-427F-B7D5-42A3D5ACA442}.Release|x64.Build.0 = Release|Any CPU
		{CF280B8A-C0B5-43C6-97B9-73C3861B6C3E}.Debug|Any CPU.ActiveCfg = Debug|Any CPU
		{CF280B8A-C0B5-43C6-97B9-73C3861B6C3E}.Debug|Any CPU.Build.0 = Debug|Any CPU
		{CF280B8A-C0B5-43C6-97B9-73C3861B6C3E}.Debug|x64.ActiveCfg = Debug|Any CPU
		{CF280B8A-C0B5-43C6-97B9-73C3861B6C3E}.Debug|x64.Build.0 = Debug|Any CPU
		{CF280B8A-C0B5-43C6-97B9-73C3861B6C3E}.Release|Any CPU.ActiveCfg = Release|Any CPU
		{CF280B8A-C0B5-43C6-97B9-73C3861B6C3E}.Release|Any CPU.Build.0 = Release|Any CPU
		{CF280B8A-C0B5-43C6-97B9-73C3861B6C3E}.Release|x64.ActiveCfg = Release|Any CPU
		{CF280B8A-C0B5-43C6-97B9-73C3861B6C3E}.Release|x64.Build.0 = Release|Any CPU
		{306D491D-842C-4FF1-9F51-A28F135392A6}.Debug|Any CPU.ActiveCfg = Debug|Any CPU
		{306D491D-842C-4FF1-9F51-A28F135392A6}.Debug|Any CPU.Build.0 = Debug|Any CPU
		{306D491D-842C-4FF1-9F51-A28F135392A6}.Debug|x64.ActiveCfg = Debug|Any CPU
		{306D491D-842C-4FF1-9F51-A28F135392A6}.Debug|x64.Build.0 = Debug|Any CPU
		{306D491D-842C-4FF1-9F51-A28F135392A6}.Release|Any CPU.ActiveCfg = Release|Any CPU
		{306D491D-842C-4FF1-9F51-A28F135392A6}.Release|Any CPU.Build.0 = Release|Any CPU
		{306D491D-842C-4FF1-9F51-A28F135392A6}.Release|x64.ActiveCfg = Release|Any CPU
		{306D491D-842C-4FF1-9F51-A28F135392A6}.Release|x64.Build.0 = Release|Any CPU
		{72C747E6-1A27-4890-AA0A-12DBB1D47021}.Debug|Any CPU.ActiveCfg = Debug|Any CPU
		{72C747E6-1A27-4890-AA0A-12DBB1D47021}.Debug|Any CPU.Build.0 = Debug|Any CPU
		{72C747E6-1A27-4890-AA0A-12DBB1D47021}.Debug|x64.ActiveCfg = Debug|Any CPU
		{72C747E6-1A27-4890-AA0A-12DBB1D47021}.Debug|x64.Build.0 = Debug|Any CPU
		{72C747E6-1A27-4890-AA0A-12DBB1D47021}.Release|Any CPU.ActiveCfg = Release|Any CPU
		{72C747E6-1A27-4890-AA0A-12DBB1D47021}.Release|Any CPU.Build.0 = Release|Any CPU
		{72C747E6-1A27-4890-AA0A-12DBB1D47021}.Release|x64.ActiveCfg = Release|Any CPU
		{72C747E6-1A27-4890-AA0A-12DBB1D47021}.Release|x64.Build.0 = Release|Any CPU
		{EA9B976A-4DCA-4E60-A80C-12E65A4D2D80}.Debug|Any CPU.ActiveCfg = Debug|Any CPU
		{EA9B976A-4DCA-4E60-A80C-12E65A4D2D80}.Debug|Any CPU.Build.0 = Debug|Any CPU
		{EA9B976A-4DCA-4E60-A80C-12E65A4D2D80}.Debug|x64.ActiveCfg = Debug|Any CPU
		{EA9B976A-4DCA-4E60-A80C-12E65A4D2D80}.Debug|x64.Build.0 = Debug|Any CPU
		{EA9B976A-4DCA-4E60-A80C-12E65A4D2D80}.Release|Any CPU.ActiveCfg = Release|Any CPU
		{EA9B976A-4DCA-4E60-A80C-12E65A4D2D80}.Release|Any CPU.Build.0 = Release|Any CPU
		{EA9B976A-4DCA-4E60-A80C-12E65A4D2D80}.Release|x64.ActiveCfg = Release|Any CPU
		{EA9B976A-4DCA-4E60-A80C-12E65A4D2D80}.Release|x64.Build.0 = Release|Any CPU
		{7DAE02C8-D498-4DB0-ACEA-5D858B987D09}.Debug|Any CPU.ActiveCfg = Debug|Any CPU
		{7DAE02C8-D498-4DB0-ACEA-5D858B987D09}.Debug|Any CPU.Build.0 = Debug|Any CPU
		{7DAE02C8-D498-4DB0-ACEA-5D858B987D09}.Debug|x64.ActiveCfg = Debug|Any CPU
		{7DAE02C8-D498-4DB0-ACEA-5D858B987D09}.Debug|x64.Build.0 = Debug|Any CPU
		{7DAE02C8-D498-4DB0-ACEA-5D858B987D09}.Release|Any CPU.ActiveCfg = Release|Any CPU
		{7DAE02C8-D498-4DB0-ACEA-5D858B987D09}.Release|Any CPU.Build.0 = Release|Any CPU
		{7DAE02C8-D498-4DB0-ACEA-5D858B987D09}.Release|x64.ActiveCfg = Release|Any CPU
		{7DAE02C8-D498-4DB0-ACEA-5D858B987D09}.Release|x64.Build.0 = Release|Any CPU
		{0A647DCE-1627-4212-90F3-F317BDCA5C3F}.Debug|Any CPU.ActiveCfg = Debug|Any CPU
		{0A647DCE-1627-4212-90F3-F317BDCA5C3F}.Debug|Any CPU.Build.0 = Debug|Any CPU
		{0A647DCE-1627-4212-90F3-F317BDCA5C3F}.Debug|x64.ActiveCfg = Debug|Any CPU
		{0A647DCE-1627-4212-90F3-F317BDCA5C3F}.Debug|x64.Build.0 = Debug|Any CPU
		{0A647DCE-1627-4212-90F3-F317BDCA5C3F}.Release|Any CPU.ActiveCfg = Release|Any CPU
		{0A647DCE-1627-4212-90F3-F317BDCA5C3F}.Release|Any CPU.Build.0 = Release|Any CPU
		{0A647DCE-1627-4212-90F3-F317BDCA5C3F}.Release|x64.ActiveCfg = Release|Any CPU
		{0A647DCE-1627-4212-90F3-F317BDCA5C3F}.Release|x64.Build.0 = Release|Any CPU
		{6A8B3DE0-13E8-4F56-8D7F-3617653F51B2}.Debug|Any CPU.ActiveCfg = Debug|Any CPU
		{6A8B3DE0-13E8-4F56-8D7F-3617653F51B2}.Debug|Any CPU.Build.0 = Debug|Any CPU
		{6A8B3DE0-13E8-4F56-8D7F-3617653F51B2}.Debug|x64.ActiveCfg = Debug|Any CPU
		{6A8B3DE0-13E8-4F56-8D7F-3617653F51B2}.Debug|x64.Build.0 = Debug|Any CPU
		{6A8B3DE0-13E8-4F56-8D7F-3617653F51B2}.Release|Any CPU.ActiveCfg = Release|Any CPU
		{6A8B3DE0-13E8-4F56-8D7F-3617653F51B2}.Release|Any CPU.Build.0 = Release|Any CPU
		{6A8B3DE0-13E8-4F56-8D7F-3617653F51B2}.Release|x64.ActiveCfg = Release|Any CPU
		{6A8B3DE0-13E8-4F56-8D7F-3617653F51B2}.Release|x64.Build.0 = Release|Any CPU
		{918B9052-77F5-44ED-A0AF-AEDF765CC612}.Debug|Any CPU.ActiveCfg = Debug|Any CPU
		{918B9052-77F5-44ED-A0AF-AEDF765CC612}.Debug|Any CPU.Build.0 = Debug|Any CPU
		{918B9052-77F5-44ED-A0AF-AEDF765CC612}.Debug|x64.ActiveCfg = Debug|Any CPU
		{918B9052-77F5-44ED-A0AF-AEDF765CC612}.Debug|x64.Build.0 = Debug|Any CPU
		{918B9052-77F5-44ED-A0AF-AEDF765CC612}.Release|Any CPU.ActiveCfg = Release|Any CPU
		{918B9052-77F5-44ED-A0AF-AEDF765CC612}.Release|Any CPU.Build.0 = Release|Any CPU
		{918B9052-77F5-44ED-A0AF-AEDF765CC612}.Release|x64.ActiveCfg = Release|Any CPU
		{918B9052-77F5-44ED-A0AF-AEDF765CC612}.Release|x64.Build.0 = Release|Any CPU
		{FED06E8E-8D4A-41D1-AAF8-746F829A7BF7}.Debug|Any CPU.ActiveCfg = Debug|Any CPU
		{FED06E8E-8D4A-41D1-AAF8-746F829A7BF7}.Debug|Any CPU.Build.0 = Debug|Any CPU
		{FED06E8E-8D4A-41D1-AAF8-746F829A7BF7}.Debug|x64.ActiveCfg = Debug|Any CPU
		{FED06E8E-8D4A-41D1-AAF8-746F829A7BF7}.Debug|x64.Build.0 = Debug|Any CPU
		{FED06E8E-8D4A-41D1-AAF8-746F829A7BF7}.Release|Any CPU.ActiveCfg = Release|Any CPU
		{FED06E8E-8D4A-41D1-AAF8-746F829A7BF7}.Release|Any CPU.Build.0 = Release|Any CPU
		{FED06E8E-8D4A-41D1-AAF8-746F829A7BF7}.Release|x64.ActiveCfg = Release|Any CPU
		{FED06E8E-8D4A-41D1-AAF8-746F829A7BF7}.Release|x64.Build.0 = Release|Any CPU
		{F4B3E302-32A8-42EF-BA00-59DECAFEDFBD}.Debug|Any CPU.ActiveCfg = Debug|Any CPU
		{F4B3E302-32A8-42EF-BA00-59DECAFEDFBD}.Debug|Any CPU.Build.0 = Debug|Any CPU
		{F4B3E302-32A8-42EF-BA00-59DECAFEDFBD}.Debug|x64.ActiveCfg = Debug|x64
		{F4B3E302-32A8-42EF-BA00-59DECAFEDFBD}.Debug|x64.Build.0 = Debug|x64
		{F4B3E302-32A8-42EF-BA00-59DECAFEDFBD}.Release|Any CPU.ActiveCfg = Release|Any CPU
		{F4B3E302-32A8-42EF-BA00-59DECAFEDFBD}.Release|Any CPU.Build.0 = Release|Any CPU
		{F4B3E302-32A8-42EF-BA00-59DECAFEDFBD}.Release|x64.ActiveCfg = Release|x64
		{F4B3E302-32A8-42EF-BA00-59DECAFEDFBD}.Release|x64.Build.0 = Release|x64
		{E444C6E2-C429-47B6-91C7-E3AD98075ADE}.Debug|Any CPU.ActiveCfg = Debug|Any CPU
		{E444C6E2-C429-47B6-91C7-E3AD98075ADE}.Debug|Any CPU.Build.0 = Debug|Any CPU
		{E444C6E2-C429-47B6-91C7-E3AD98075ADE}.Debug|x64.ActiveCfg = Debug|x64
		{E444C6E2-C429-47B6-91C7-E3AD98075ADE}.Debug|x64.Build.0 = Debug|x64
		{E444C6E2-C429-47B6-91C7-E3AD98075ADE}.Release|Any CPU.ActiveCfg = Release|Any CPU
		{E444C6E2-C429-47B6-91C7-E3AD98075ADE}.Release|Any CPU.Build.0 = Release|Any CPU
		{E444C6E2-C429-47B6-91C7-E3AD98075ADE}.Release|x64.ActiveCfg = Release|x64
		{E444C6E2-C429-47B6-91C7-E3AD98075ADE}.Release|x64.Build.0 = Release|x64
		{77135E2E-6439-4626-9907-E06B9DAE7808}.Debug|Any CPU.ActiveCfg = Debug|Any CPU
		{77135E2E-6439-4626-9907-E06B9DAE7808}.Debug|Any CPU.Build.0 = Debug|Any CPU
		{77135E2E-6439-4626-9907-E06B9DAE7808}.Debug|x64.ActiveCfg = Debug|Any CPU
		{77135E2E-6439-4626-9907-E06B9DAE7808}.Debug|x64.Build.0 = Debug|Any CPU
		{77135E2E-6439-4626-9907-E06B9DAE7808}.Release|Any CPU.ActiveCfg = Release|Any CPU
		{77135E2E-6439-4626-9907-E06B9DAE7808}.Release|Any CPU.Build.0 = Release|Any CPU
		{77135E2E-6439-4626-9907-E06B9DAE7808}.Release|x64.ActiveCfg = Release|Any CPU
		{77135E2E-6439-4626-9907-E06B9DAE7808}.Release|x64.Build.0 = Release|Any CPU
		{F43FFCBD-E1B9-422F-9425-195BB16EFD3E}.Debug|Any CPU.ActiveCfg = Debug|Any CPU
		{F43FFCBD-E1B9-422F-9425-195BB16EFD3E}.Debug|Any CPU.Build.0 = Debug|Any CPU
		{F43FFCBD-E1B9-422F-9425-195BB16EFD3E}.Debug|x64.ActiveCfg = Debug|Any CPU
		{F43FFCBD-E1B9-422F-9425-195BB16EFD3E}.Debug|x64.Build.0 = Debug|Any CPU
		{F43FFCBD-E1B9-422F-9425-195BB16EFD3E}.Release|Any CPU.ActiveCfg = Release|Any CPU
		{F43FFCBD-E1B9-422F-9425-195BB16EFD3E}.Release|Any CPU.Build.0 = Release|Any CPU
		{F43FFCBD-E1B9-422F-9425-195BB16EFD3E}.Release|x64.ActiveCfg = Release|Any CPU
		{F43FFCBD-E1B9-422F-9425-195BB16EFD3E}.Release|x64.Build.0 = Release|Any CPU
		{890877C4-E419-44CE-B460-1E906DD79250}.Debug|Any CPU.ActiveCfg = Debug|Any CPU
		{890877C4-E419-44CE-B460-1E906DD79250}.Debug|Any CPU.Build.0 = Debug|Any CPU
		{890877C4-E419-44CE-B460-1E906DD79250}.Debug|x64.ActiveCfg = Debug|x64
		{890877C4-E419-44CE-B460-1E906DD79250}.Debug|x64.Build.0 = Debug|x64
		{890877C4-E419-44CE-B460-1E906DD79250}.Release|Any CPU.ActiveCfg = Release|Any CPU
		{890877C4-E419-44CE-B460-1E906DD79250}.Release|Any CPU.Build.0 = Release|Any CPU
		{890877C4-E419-44CE-B460-1E906DD79250}.Release|x64.ActiveCfg = Release|x64
		{890877C4-E419-44CE-B460-1E906DD79250}.Release|x64.Build.0 = Release|x64
		{1544A740-F151-4094-9361-5291A2546170}.Debug|Any CPU.ActiveCfg = Debug|Any CPU
		{1544A740-F151-4094-9361-5291A2546170}.Debug|Any CPU.Build.0 = Debug|Any CPU
		{1544A740-F151-4094-9361-5291A2546170}.Debug|x64.ActiveCfg = Debug|Any CPU
		{1544A740-F151-4094-9361-5291A2546170}.Debug|x64.Build.0 = Debug|Any CPU
		{1544A740-F151-4094-9361-5291A2546170}.Release|Any CPU.ActiveCfg = Release|Any CPU
		{1544A740-F151-4094-9361-5291A2546170}.Release|Any CPU.Build.0 = Release|Any CPU
		{1544A740-F151-4094-9361-5291A2546170}.Release|x64.ActiveCfg = Release|Any CPU
		{1544A740-F151-4094-9361-5291A2546170}.Release|x64.Build.0 = Release|Any CPU
	EndGlobalSection
	GlobalSection(SolutionProperties) = preSolution
		HideSolutionNode = FALSE
	EndGlobalSection
	GlobalSection(NestedProjects) = preSolution
		{16B6AD69-067D-47AF-883D-4A2F137470F6} = {99E36DD3-539C-4A2A-8F47-A64CB8A7664E}
		{46514248-1E2A-4A4A-B7F4-793ED3AF9EC0} = {99E36DD3-539C-4A2A-8F47-A64CB8A7664E}
		{C2852878-38FB-427F-B7D5-42A3D5ACA442} = {99E36DD3-539C-4A2A-8F47-A64CB8A7664E}
		{CF280B8A-C0B5-43C6-97B9-73C3861B6C3E} = {99E36DD3-539C-4A2A-8F47-A64CB8A7664E}
		{306D491D-842C-4FF1-9F51-A28F135392A6} = {99E36DD3-539C-4A2A-8F47-A64CB8A7664E}
		{7DAE02C8-D498-4DB0-ACEA-5D858B987D09} = {176E5981-561B-4F92-AF87-C9FDC1490D3C}
		{0A647DCE-1627-4212-90F3-F317BDCA5C3F} = {176E5981-561B-4F92-AF87-C9FDC1490D3C}
		{6A8B3DE0-13E8-4F56-8D7F-3617653F51B2} = {176E5981-561B-4F92-AF87-C9FDC1490D3C}
		{8BA1EAF8-296E-4A70-9EE3-E1B6876905FE} = {D76A9EE5-13DC-4B86-835D-856C4ED1CD2B}
		{140EEB2E-FE0E-4A92-9FDA-E2D96947A524} = {D76A9EE5-13DC-4B86-835D-856C4ED1CD2B}
		{F4B3E302-32A8-42EF-BA00-59DECAFEDFBD} = {8BA1EAF8-296E-4A70-9EE3-E1B6876905FE}
		{E444C6E2-C429-47B6-91C7-E3AD98075ADE} = {8BA1EAF8-296E-4A70-9EE3-E1B6876905FE}
		{77135E2E-6439-4626-9907-E06B9DAE7808} = {140EEB2E-FE0E-4A92-9FDA-E2D96947A524}
		{F43FFCBD-E1B9-422F-9425-195BB16EFD3E} = {D76A9EE5-13DC-4B86-835D-856C4ED1CD2B}
		{890877C4-E419-44CE-B460-1E906DD79250} = {D76A9EE5-13DC-4B86-835D-856C4ED1CD2B}
	EndGlobalSection
	GlobalSection(ExtensibilityGlobals) = postSolution
		SolutionGuid = {CBBFE2C2-F4A4-4157-ACB8-627567635145}
	EndGlobalSection
EndGlobal
